<?xml version="1.0" encoding="utf-8"?>
<Project ToolsVersion="4.0" xmlns="http://schemas.microsoft.com/developer/msbuild/2003">
  <ItemGroup>
    <Filter Include="Source Files">
      <UniqueIdentifier>{4FC737F1-C7A5-4376-A066-2A32D752A2FF}</UniqueIdentifier>
      <Extensions>cpp;c;cc;cxx;def;odl;idl;hpj;bat;asm;asmx</Extensions>
    </Filter>
    <Filter Include="Header Files">
      <UniqueIdentifier>{93995380-89BD-4b04-88EB-625FBE52EBFB}</UniqueIdentifier>
      <Extensions>h;hh;hpp;hxx;hm;inl;inc;xsd</Extensions>
    </Filter>
    <Filter Include="Resource Files">
      <UniqueIdentifier>{67DA6AB6-F800-4c08-8B7A-83BB121AAD01}</UniqueIdentifier>
      <Extensions>rc;ico;cur;bmp;dlg;rc2;rct;bin;rgs;gif;jpg;jpeg;jpe;resx;tiff;tif;png;wav;mfcribbon-ms</Extensions>
    </Filter>
    <Filter Include="SDK">
      <UniqueIdentifier>{a607f52f-4c41-4541-b261-87775d7d288c}</UniqueIdentifier>
    </Filter>
    <Filter Include="ImGui">
      <UniqueIdentifier>{c05f2405-b20e-4093-b16d-a5926aa970ba}</UniqueIdentifier>
    </Filter>
    <Filter Include="Main">
      <UniqueIdentifier>{94a18de0-a885-499c-912e-bb8accb78dfb}</UniqueIdentifier>
    </Filter>
  </ItemGroup>
  <ItemGroup>
    <ClInclude Include="WalkBot.h">
      <Filter>Header Files</Filter>
    </ClInclude>
    <ClInclude Include="AimBot.h">
      <Filter>Header Files</Filter>
    </ClInclude>
    <ClInclude Include="AimBotTab.h">
      <Filter>Header Files</Filter>
    </ClInclude>
    <ClInclude Include="AirStuck.h">
      <Filter>Header Files</Filter>
    </ClInclude>
    <ClInclude Include="AntiAim.h">
      <Filter>Header Files</Filter>
    </ClInclude>
    <ClInclude Include="AsusWalls.h">
      <Filter>Header Files</Filter>
    </ClInclude>
    <ClInclude Include="AutoAccept.h">
      <Filter>Header Files</Filter>
    </ClInclude>
    <ClInclude Include="AutoBlock.h">
      <Filter>Header Files</Filter>
    </ClInclude>
    <ClInclude Include="AutoDefuse.h">
      <Filter>Header Files</Filter>
    </ClInclude>
    <ClInclude Include="AutoStrafe.h">
      <Filter>Header Files</Filter>
    </ClInclude>
    <ClInclude Include="AutoWall.h">
      <Filter>Header Files</Filter>
    </ClInclude>
    <ClInclude Include="BunnyHop.h">
      <Filter>Header Files</Filter>
    </ClInclude>
    <ClInclude Include="Chams.h">
      <Filter>Header Files</Filter>
    </ClInclude>
    <ClInclude Include="ClanTagChanger.h">
      <Filter>Header Files</Filter>
    </ClInclude>
    <ClInclude Include="Config.h">
      <Filter>Header Files</Filter>
    </ClInclude>
    <ClInclude Include="Console.h">
      <Filter>Header Files</Filter>
    </ClInclude>
    <ClInclude Include="CustomGlow.h">
      <Filter>Header Files</Filter>
    </ClInclude>
    <ClInclude Include="DDI.h">
      <Filter>Header Files</Filter>
    </ClInclude>
    <ClInclude Include="DLights.h">
      <Filter>Header Files</Filter>
    </ClInclude>
    <ClInclude Include="DllMain.h">
      <Filter>Header Files</Filter>
    </ClInclude>
    <ClInclude Include="Draw.h">
      <Filter>Header Files</Filter>
    </ClInclude>
    <ClInclude Include="EdgeJump.h">
      <Filter>Header Files</Filter>
    </ClInclude>
    <ClInclude Include="elem.h">
      <Filter>Header Files</Filter>
    </ClInclude>
    <ClInclude Include="Entity.h">
      <Filter>Header Files</Filter>
    </ClInclude>
    <ClInclude Include="ESP.h">
      <Filter>Header Files</Filter>
    </ClInclude>
    <ClInclude Include="FakeLag.h">
      <Filter>Header Files</Filter>
    </ClInclude>
    <ClInclude Include="FakeWalk.h">
      <Filter>Header Files</Filter>
    </ClInclude>
    <ClInclude Include="Features.h">
      <Filter>Header Files</Filter>
    </ClInclude>
    <ClInclude Include="FindPattern.h">
      <Filter>Header Files</Filter>
    </ClInclude>
    <ClInclude Include="FOVChanger.h">
      <Filter>Header Files</Filter>
    </ClInclude>
    <ClInclude Include="GrenadeHelper.h">
      <Filter>Header Files</Filter>
    </ClInclude>
    <ClInclude Include="HitMarkers.h">
      <Filter>Header Files</Filter>
    </ClInclude>
    <ClInclude Include="Hooks.h">
      <Filter>Header Files</Filter>
    </ClInclude>
    <ClInclude Include="HvHTab.h">
      <Filter>Header Files</Filter>
    </ClInclude>
    <ClInclude Include="Interfaces.h">
      <Filter>Header Files</Filter>
    </ClInclude>
    <ClInclude Include="json.h">
      <Filter>Header Files</Filter>
    </ClInclude>
    <ClInclude Include="JumpThrow.h">
      <Filter>Header Files</Filter>
    </ClInclude>
    <ClInclude Include="Math.h">
      <Filter>Header Files</Filter>
    </ClInclude>
    <ClInclude Include="Menu.h">
      <Filter>Header Files</Filter>
    </ClInclude>
    <ClInclude Include="ModelsTabs.h">
      <Filter>Header Files</Filter>
    </ClInclude>
    <ClInclude Include="NadePrediction.h">
      <Filter>Header Files</Filter>
    </ClInclude>
    <ClInclude Include="NameChanger.h">
      <Filter>Header Files</Filter>
    </ClInclude>
    <ClInclude Include="NameStealer.h">
      <Filter>Header Files</Filter>
    </ClInclude>
    <ClInclude Include="NoFlash.h">
      <Filter>Header Files</Filter>
    </ClInclude>
    <ClInclude Include="NoSky.h">
      <Filter>Header Files</Filter>
    </ClInclude>
    <ClInclude Include="NoSmoke.h">
      <Filter>Header Files</Filter>
    </ClInclude>
    <ClInclude Include="PredictionSystem.h">
      <Filter>Header Files</Filter>
    </ClInclude>
    <ClInclude Include="pstring.h">
      <Filter>Header Files</Filter>
    </ClInclude>
    <ClInclude Include="Radar.h">
      <Filter>Header Files</Filter>
    </ClInclude>
    <ClInclude Include="RecoilCrosshair.h">
      <Filter>Header Files</Filter>
    </ClInclude>
    <ClInclude Include="Renderer.h">
      <Filter>Header Files</Filter>
    </ClInclude>
    <ClInclude Include="Resolver.h">
      <Filter>Header Files</Filter>
    </ClInclude>
    <ClInclude Include="Settings.h">
      <Filter>Header Files</Filter>
    </ClInclude>
    <ClInclude Include="ShowRanks.h">
      <Filter>Header Files</Filter>
    </ClInclude>
    <ClInclude Include="ShowSpectators.h">
      <Filter>Header Files</Filter>
    </ClInclude>
    <ClInclude Include="SkinChanger.h">
      <Filter>Header Files</Filter>
    </ClInclude>
    <ClInclude Include="Skins.h">
      <Filter>Header Files</Filter>
    </ClInclude>
    <ClInclude Include="SkinsTab.h">
      <Filter>Header Files</Filter>
    </ClInclude>
    <ClInclude Include="SniperCrosshair.h">
      <Filter>Header Files</Filter>
    </ClInclude>
    <ClInclude Include="Spammer.h">
      <Filter>Header Files</Filter>
    </ClInclude>
    <ClInclude Include="TelePort.h">
      <Filter>Header Files</Filter>
    </ClInclude>
    <ClInclude Include="ThirdPerson.h">
      <Filter>Header Files</Filter>
    </ClInclude>
    <ClInclude Include="Tracer.h">
      <Filter>Header Files</Filter>
    </ClInclude>
    <ClInclude Include="TriggerBot.h">
      <Filter>Header Files</Filter>
    </ClInclude>
    <ClInclude Include="TriggerBotTab.h">
      <Filter>Header Files</Filter>
    </ClInclude>
    <ClInclude Include="Util.h">
      <Filter>Header Files</Filter>
    </ClInclude>
    <ClInclude Include="Util_Items.h">
      <Filter>Header Files</Filter>
    </ClInclude>
    <ClInclude Include="Util_SDK.h">
      <Filter>Header Files</Filter>
    </ClInclude>
    <ClInclude Include="View.h">
      <Filter>Header Files</Filter>
    </ClInclude>
    <ClInclude Include="Vitalflea.h">
      <Filter>Header Files</Filter>
    </ClInclude>
    <ClInclude Include="SDK\CClientState.h">
      <Filter>SDK</Filter>
    </ClInclude>
    <ClInclude Include="SDK\CEffects.h">
      <Filter>SDK</Filter>
    </ClInclude>
    <ClInclude Include="SDK\CGlobalVars.h">
      <Filter>SDK</Filter>
    </ClInclude>
    <ClInclude Include="SDK\CNetworkStringTable.h">
      <Filter>SDK</Filter>
    </ClInclude>
    <ClInclude Include="SDK\Color.h">
      <Filter>SDK</Filter>
    </ClInclude>
    <ClInclude Include="SDK\CPlayerResource.h">
      <Filter>SDK</Filter>
    </ClInclude>
    <ClInclude Include="SDK\CView.h">
      <Filter>SDK</Filter>
    </ClInclude>
    <ClInclude Include="SDK\Definitions.h">
      <Filter>SDK</Filter>
    </ClInclude>
    <ClInclude Include="SDK\getvfunc.h">
      <Filter>SDK</Filter>
    </ClInclude>
    <ClInclude Include="SDK\GlowObject.h">
      <Filter>SDK</Filter>
    </ClInclude>
    <ClInclude Include="SDK\IAppSystem.h">
      <Filter>SDK</Filter>
    </ClInclude>
    <ClInclude Include="SDK\IBaseClientDll.h">
      <Filter>SDK</Filter>
    </ClInclude>
    <ClInclude Include="SDK\IClientEntity.h">
      <Filter>SDK</Filter>
    </ClInclude>
    <ClInclude Include="SDK\IClientEntityList.h">
      <Filter>SDK</Filter>
    </ClInclude>
    <ClInclude Include="SDK\IClientMode.h">
      <Filter>SDK</Filter>
    </ClInclude>
    <ClInclude Include="SDK\ICvar.h">
      <Filter>SDK</Filter>
    </ClInclude>
    <ClInclude Include="SDK\IEngineClient.h">
      <Filter>SDK</Filter>
    </ClInclude>
    <ClInclude Include="SDK\IEngineTrace.h">
      <Filter>SDK</Filter>
    </ClInclude>
    <ClInclude Include="SDK\IGameEventManager.h">
      <Filter>SDK</Filter>
    </ClInclude>
    <ClInclude Include="SDK\IInputSystem.h">
      <Filter>SDK</Filter>
    </ClInclude>
    <ClInclude Include="SDK\iLocalize.h">
      <Filter>SDK</Filter>
    </ClInclude>
    <ClInclude Include="SDK\IMaterial.h">
      <Filter>SDK</Filter>
    </ClInclude>
    <ClInclude Include="SDK\IMaterialSystem.h">
      <Filter>SDK</Filter>
    </ClInclude>
    <ClInclude Include="SDK\IPhysicalSurfaceProps.h">
      <Filter>SDK</Filter>
    </ClInclude>
    <ClInclude Include="SDK\IPrediction.h">
      <Filter>SDK</Filter>
    </ClInclude>
    <ClInclude Include="SDK\ISurface.h">
      <Filter>SDK</Filter>
    </ClInclude>
    <ClInclude Include="SDK\IVDebugOverlay.h">
      <Filter>SDK</Filter>
    </ClInclude>
    <ClInclude Include="SDK\IVModelInfo.h">
      <Filter>SDK</Filter>
    </ClInclude>
    <ClInclude Include="SDK\IVModelRender.h">
      <Filter>SDK</Filter>
    </ClInclude>
    <ClInclude Include="SDK\IVPanel.h">
      <Filter>SDK</Filter>
    </ClInclude>
    <ClInclude Include="SDK\KeyValues.h">
      <Filter>SDK</Filter>
    </ClInclude>
    <ClInclude Include="SDK\NetvarManager.h">
      <Filter>SDK</Filter>
    </ClInclude>
    <ClInclude Include="SDK\Offsets.h">
      <Filter>SDK</Filter>
    </ClInclude>
    <ClInclude Include="SDK\SDK.h">
      <Filter>SDK</Filter>
    </ClInclude>
    <ClInclude Include="SDK\Vector.h">
      <Filter>SDK</Filter>
    </ClInclude>
    <ClInclude Include="SDK\VMTHook.h">
      <Filter>SDK</Filter>
    </ClInclude>
    <ClInclude Include="ImGui\examples\directx9_example\imgui_impl_dx9.h">
      <Filter>ImGui</Filter>
    </ClInclude>
    <ClInclude Include="ImGui\imgui.h">
      <Filter>ImGui</Filter>
    </ClInclude>
    <ClInclude Include="ImGui\imgui_internal.h">
      <Filter>ImGui</Filter>
    </ClInclude>
    <ClInclude Include="ImGui\stb_rect_pack.h">
      <Filter>ImGui</Filter>
    </ClInclude>
    <ClInclude Include="ImGui\stb_textedit.h">
      <Filter>ImGui</Filter>
    </ClInclude>
    <ClInclude Include="ImGui\stb_truetype.h">
      <Filter>ImGui</Filter>
    </ClInclude>
  </ItemGroup>
  <ItemGroup>
    <ClCompile Include="WalkBot.cpp">
      <Filter>Source Files</Filter>
    </ClCompile>
    <ClCompile Include="AimBot.cpp">
      <Filter>Source Files</Filter>
    </ClCompile>
    <ClCompile Include="AimBotTab.cpp">
      <Filter>Source Files</Filter>
    </ClCompile>
    <ClCompile Include="AirStuck.cpp">
      <Filter>Source Files</Filter>
    </ClCompile>
    <ClCompile Include="AntiAim.cpp">
      <Filter>Source Files</Filter>
    </ClCompile>
    <ClCompile Include="AsusWalls.cpp">
      <Filter>Source Files</Filter>
    </ClCompile>
    <ClCompile Include="AutoAccept.cpp">
      <Filter>Source Files</Filter>
    </ClCompile>
    <ClCompile Include="AutoBlock.cpp">
      <Filter>Source Files</Filter>
    </ClCompile>
    <ClCompile Include="AutoDefuse.cpp">
      <Filter>Source Files</Filter>
    </ClCompile>
    <ClCompile Include="AutoStrafe.cpp">
      <Filter>Source Files</Filter>
    </ClCompile>
    <ClCompile Include="AutoWall.cpp">
      <Filter>Source Files</Filter>
    </ClCompile>
    <ClCompile Include="BunnyHop.cpp">
      <Filter>Source Files</Filter>
    </ClCompile>
    <ClCompile Include="Chams.cpp">
      <Filter>Source Files</Filter>
    </ClCompile>
    <ClCompile Include="ClanTagChanger.cpp">
      <Filter>Source Files</Filter>
    </ClCompile>
    <ClCompile Include="Config.cpp">
      <Filter>Source Files</Filter>
    </ClCompile>
    <ClCompile Include="Console.cpp">
      <Filter>Source Files</Filter>
    </ClCompile>
    <ClCompile Include="CustomGlow.cpp">
      <Filter>Source Files</Filter>
    </ClCompile>
    <ClCompile Include="DDI.cpp">
      <Filter>Source Files</Filter>
    </ClCompile>
    <ClCompile Include="DLights.cpp">
      <Filter>Source Files</Filter>
    </ClCompile>
    <ClCompile Include="Draw.cpp">
      <Filter>Source Files</Filter>
    </ClCompile>
    <ClCompile Include="EdgeJump.cpp">
      <Filter>Source Files</Filter>
    </ClCompile>
    <ClCompile Include="elem.cpp">
      <Filter>Source Files</Filter>
    </ClCompile>
    <ClCompile Include="Entity.cpp">
      <Filter>Source Files</Filter>
    </ClCompile>
    <ClCompile Include="ESP.cpp">
      <Filter>Source Files</Filter>
    </ClCompile>
    <ClCompile Include="FakeLag.cpp">
      <Filter>Source Files</Filter>
    </ClCompile>
    <ClCompile Include="FakeWalk.cpp">
      <Filter>Source Files</Filter>
    </ClCompile>
    <ClCompile Include="FindPattern.cpp">
      <Filter>Source Files</Filter>
    </ClCompile>
    <ClCompile Include="FOVChanger.cpp">
      <Filter>Source Files</Filter>
    </ClCompile>
    <ClCompile Include="GrenadeHelper.cpp">
      <Filter>Source Files</Filter>
    </ClCompile>
    <ClCompile Include="HitMarkers.cpp">
      <Filter>Source Files</Filter>
    </ClCompile>
    <ClCompile Include="HvHTab.cpp">
      <Filter>Source Files</Filter>
    </ClCompile>
    <ClCompile Include="Interfaces.cpp">
      <Filter>Source Files</Filter>
    </ClCompile>
    <ClCompile Include="json.cpp">
      <Filter>Source Files</Filter>
    </ClCompile>
    <ClCompile Include="JumpThrow.cpp">
      <Filter>Source Files</Filter>
    </ClCompile>
    <ClCompile Include="Math.cpp">
      <Filter>Source Files</Filter>
    </ClCompile>
    <ClCompile Include="Menu.cpp">
      <Filter>Source Files</Filter>
    </ClCompile>
    <ClCompile Include="ModelsTab.cpp">
      <Filter>Source Files</Filter>
    </ClCompile>
    <ClCompile Include="NadePrediction.cpp">
      <Filter>Source Files</Filter>
    </ClCompile>
    <ClCompile Include="NameChanger.cpp">
      <Filter>Source Files</Filter>
    </ClCompile>
    <ClCompile Include="NameStealer.cpp">
      <Filter>Source Files</Filter>
    </ClCompile>
    <ClCompile Include="NoFlash.cpp">
      <Filter>Source Files</Filter>
    </ClCompile>
    <ClCompile Include="NoSky.cpp">
      <Filter>Source Files</Filter>
    </ClCompile>
    <ClCompile Include="NoSmoke.cpp">
      <Filter>Source Files</Filter>
    </ClCompile>
    <ClCompile Include="PredictionSystem.cpp">
      <Filter>Source Files</Filter>
    </ClCompile>
    <ClCompile Include="Radar.cpp">
      <Filter>Source Files</Filter>
    </ClCompile>
    <ClCompile Include="RecoilCrosshair.cpp">
      <Filter>Source Files</Filter>
    </ClCompile>
    <ClCompile Include="Renderer.cpp">
      <Filter>Source Files</Filter>
    </ClCompile>
    <ClCompile Include="Resolver.cpp">
      <Filter>Source Files</Filter>
    </ClCompile>
    <ClCompile Include="Settings.cpp">
      <Filter>Source Files</Filter>
    </ClCompile>
    <ClCompile Include="ShowRanks.cpp">
      <Filter>Source Files</Filter>
    </ClCompile>
    <ClCompile Include="ShowSpectators.cpp">
      <Filter>Source Files</Filter>
    </ClCompile>
    <ClCompile Include="SkinChanger.cpp">
      <Filter>Source Files</Filter>
    </ClCompile>
    <ClCompile Include="Skins.cpp">
      <Filter>Source Files</Filter>
    </ClCompile>
    <ClCompile Include="SkinsTab.cpp">
      <Filter>Source Files</Filter>
    </ClCompile>
    <ClCompile Include="SniperCrosshair.cpp">
      <Filter>Source Files</Filter>
    </ClCompile>
    <ClCompile Include="Spammer.cpp">
      <Filter>Source Files</Filter>
    </ClCompile>
    <ClCompile Include="TelePort.cpp">
      <Filter>Source Files</Filter>
    </ClCompile>
    <ClCompile Include="ThirdPerson.cpp">
      <Filter>Source Files</Filter>
    </ClCompile>
    <ClCompile Include="Tracer.cpp">
      <Filter>Source Files</Filter>
    </ClCompile>
    <ClCompile Include="TriggerBot.cpp">
      <Filter>Source Files</Filter>
    </ClCompile>
    <ClCompile Include="TriggerBotTab.cpp">
      <Filter>Source Files</Filter>
    </ClCompile>
    <ClCompile Include="Util.cpp">
      <Filter>Source Files</Filter>
    </ClCompile>
    <ClCompile Include="Util_Items.cpp">
      <Filter>Source Files</Filter>
    </ClCompile>
    <ClCompile Include="Util_SDK.cpp">
      <Filter>Source Files</Filter>
    </ClCompile>
    <ClCompile Include="View.cpp">
      <Filter>Source Files</Filter>
    </ClCompile>
    <ClCompile Include="SDK\Color.cpp">
      <Filter>SDK</Filter>
    </ClCompile>
    <ClCompile Include="SDK\ICvar.cpp">
      <Filter>SDK</Filter>
    </ClCompile>
    <ClCompile Include="SDK\NetvarManager.cpp">
      <Filter>SDK</Filter>
    </ClCompile>
    <ClCompile Include="SDK\Offsets.cpp">
      <Filter>SDK</Filter>
    </ClCompile>
    <ClCompile Include="ImGui\examples\directx9_example\imgui_impl_dx9.cpp">
      <Filter>ImGui</Filter>
    </ClCompile>
    <ClCompile Include="ImGui\imgui.cpp">
      <Filter>ImGui</Filter>
    </ClCompile>
    <ClCompile Include="ImGui\imgui_demo.cpp">
      <Filter>ImGui</Filter>
    </ClCompile>
    <ClCompile Include="ImGui\imgui_draw.cpp">
      <Filter>ImGui</Filter>
    </ClCompile>
    <ClCompile Include="DllMain.cpp">
      <Filter>Main</Filter>
    </ClCompile>
    <ClCompile Include="Hooks.cpp">
      <Filter>Main</Filter>
    </ClCompile>
  </ItemGroup>
</Project>